Microsoft Visual Studio Solution File, Format Version 12.00
# Visual Studio Version 17
VisualStudioVersion = 17.5.2.0
MinimumVisualStudioVersion = 10.0.40219.1
Project("{2150E333-8FDC-42A3-9474-1A3956D46DE8}") = "packages", "packages", "{809F86A1-1C4C-B159-0CD4-DF9D33D876CE}"
EndProject
Project("{2150E333-8FDC-42A3-9474-1A3956D46DE8}") = "xlsx-cli", "xlsx-cli", "{53DF4BCF-E8F4-1798-A170-D6C89E1BD316}"
EndProject
Project("{FAE04EC0-301F-11D3-BF4B-00C04F79EFBC}") = "xlsx", "packages\xlsx-cli\xlsx.csproj", "{82499DBB-0508-9D1C-150C-648F9386132C}"
EndProject
Project("{2150E333-8FDC-42A3-9474-1A3956D46DE8}") = "convert-cli", "convert-cli", "{0B021D48-35E0-3C47-5DAF-3058CC70BFF2}"
EndProject
Project("{FAE04EC0-301F-11D3-BF4B-00C04F79EFBC}") = "convert", "packages\convert-cli\convert.csproj", "{7E4BDD22-B958-2891-84C6-CBC7E4A4D13C}"
EndProject
EndProject
Project("{2150E333-8FDC-42A3-9474-1A3956D46DE8}") = "pptx-cli", "pptx-cli", "{C74FFBA9-4093-D967-8BFA-5022889973E0}"
EndProject
Project("{FAE04EC0-301F-11D3-BF4B-00C04F79EFBC}") = "pptx", "packages\pptx-cli\pptx.csproj", "{CD6983EA-A992-3D68-1B0C-6B0051496281}"
EndProject
Project("{2150E333-8FDC-42A3-9474-1A3956D46DE8}") = "docx-cli", "docx-cli", "{30965204-C479-3F44-964D-35DBD5434821}"
EndProject
Project("{FAE04EC0-301F-11D3-BF4B-00C04F79EFBC}") = "docx", "packages\docx-cli\docx.csproj", "{B432C98C-F9B1-8BAC-7D03-ED1AC1898016}"
EndProject
EndProject
EndProject
EndProject
Global
	GlobalSection(SolutionConfigurationPlatforms) = preSolution
		Debug|Any CPU = Debug|Any CPU
		Release|Any CPU = Release|Any CPU
	EndGlobalSection
	GlobalSection(ProjectConfigurationPlatforms) = postSolution
		{82499DBB-0508-9D1C-150C-648F9386132C}.Debug|Any CPU.ActiveCfg = Debug|Any CPU
		{82499DBB-0508-9D1C-150C-648F9386132C}.Debug|Any CPU.Build.0 = Debug|Any CPU
		{82499DBB-0508-9D1C-150C-648F9386132C}.Release|Any CPU.ActiveCfg = Release|Any CPU
		{82499DBB-0508-9D1C-150C-648F9386132C}.Release|Any CPU.Build.0 = Release|Any CPU
		{7E4BDD22-B958-2891-84C6-CBC7E4A4D13C}.Debug|Any CPU.ActiveCfg = Debug|Any CPU
		{7E4BDD22-B958-2891-84C6-CBC7E4A4D13C}.Debug|Any CPU.Build.0 = Debug|Any CPU
		{7E4BDD22-B958-2891-84C6-CBC7E4A4D13C}.Release|Any CPU.ActiveCfg = Release|Any CPU
		{7E4BDD22-B958-2891-84C6-CBC7E4A4D13C}.Release|Any CPU.Build.0 = Release|Any CPU
		{CD6983EA-A992-3D68-1B0C-6B0051496281}.Debug|Any CPU.ActiveCfg = Debug|Any CPU
		{CD6983EA-A992-3D68-1B0C-6B0051496281}.Debug|Any CPU.Build.0 = Debug|Any CPU
		{CD6983EA-A992-3D68-1B0C-6B0051496281}.Release|Any CPU.ActiveCfg = Release|Any CPU
		{CD6983EA-A992-3D68-1B0C-6B0051496281}.Release|Any CPU.Build.0 = Release|Any CPU
		{B432C98C-F9B1-8BAC-7D03-ED1AC1898016}.Debug|Any CPU.ActiveCfg = Debug|Any CPU
		{B432C98C-F9B1-8BAC-7D03-ED1AC1898016}.Debug|Any CPU.Build.0 = Debug|Any CPU
		{B432C98C-F9B1-8BAC-7D03-ED1AC1898016}.Release|Any CPU.ActiveCfg = Release|Any CPU
		{B432C98C-F9B1-8BAC-7D03-ED1AC1898016}.Release|Any CPU.Build.0 = Release|Any CPU
	EndGlobalSection
	GlobalSection(SolutionProperties) = preSolution
		HideSolutionNode = FALSE
	EndGlobalSection
	GlobalSection(NestedProjects) = preSolution
		{53DF4BCF-E8F4-1798-A170-D6C89E1BD316} = {809F86A1-1C4C-B159-0CD4-DF9D33D876CE}
		{82499DBB-0508-9D1C-150C-648F9386132C} = {53DF4BCF-E8F4-1798-A170-D6C89E1BD316}
		{0B021D48-35E0-3C47-5DAF-3058CC70BFF2} = {809F86A1-1C4C-B159-0CD4-DF9D33D876CE}
		{7E4BDD22-B958-2891-84C6-CBC7E4A4D13C} = {0B021D48-35E0-3C47-5DAF-3058CC70BFF2}
		{C74FFBA9-4093-D967-8BFA-5022889973E0} = {809F86A1-1C4C-B159-0CD4-DF9D33D876CE}
		{CD6983EA-A992-3D68-1B0C-6B0051496281} = {C74FFBA9-4093-D967-8BFA-5022889973E0}
		{30965204-C479-3F44-964D-35DBD5434821} = {809F86A1-1C4C-B159-0CD4-DF9D33D876CE}
		{B432C98C-F9B1-8BAC-7D03-ED1AC1898016} = {30965204-C479-3F44-964D-35DBD5434821}
	EndGlobalSection
	GlobalSection(ExtensibilityGlobals) = postSolution
		SolutionGuid = {21FBBD19-2504-4AB3-A179-7FFF538561B1}
	EndGlobalSection
EndGlobal
