{
  "name": "@tiwater/pdf-mcp",
  "version": "0.1.0",
  "lockfileVersion": 3,
  "requires": true,
  "packages": {
    "": {
      "name": "@tiwater/pdf-mcp",
      "version": "0.1.0",
      "license": "MIT",
      "bin": {
        "tiwater-pdf-mcp": "index.mjs"
      },
      "engines": {
        "node": ">=20"
      }
    }
  }
}
